// !$*UTF8*$!
{
	archiveVersion = 1;
	classes = {
	};
	objectVersion = 50;
	objects = {

/* Begin PBXBuildFile section */
		5AF83080DC5D3B41EDE09578 /* Pods_5806021631131.framework in Frameworks */ = {isa = PBXBuildFile; fileRef = 59BE53A430C858A527287E4B /* Pods_5806021631131.framework */; };
		847B708D22703A1300426B92 /* AppDelegate.swift in Sources */ = {isa = PBXBuildFile; fileRef = 847B708C22703A1300426B92 /* AppDelegate.swift */; };
		847B708F22703A1300426B92 /* ViewController.swift in Sources */ = {isa = PBXBuildFile; fileRef = 847B708E22703A1300426B92 /* ViewController.swift */; };
		847B709222703A1300426B92 /* Main.storyboard in Resources */ = {isa = PBXBuildFile; fileRef = 847B709022703A1300426B92 /* Main.storyboard */; };
		847B709422703A1700426B92 /* Assets.xcassets in Resources */ = {isa = PBXBuildFile; fileRef = 847B709322703A1700426B92 /* Assets.xcassets */; };
		847B709722703A1700426B92 /* LaunchScreen.storyboard in Resources */ = {isa = PBXBuildFile; fileRef = 847B709522703A1700426B92 /* LaunchScreen.storyboard */; };
/* End PBXBuildFile section */

/* Begin PBXFileReference section */
		59BE53A430C858A527287E4B /* Pods_5806021631131.framework */ = {isa = PBXFileReference; explicitFileType = wrapper.framework; includeInIndex = 0; path = Pods_5806021631131.framework; sourceTree = BUILT_PRODUCTS_DIR; };
		5B755EA0C4640B180BD2A391 /* Pods-5806021631131.release.xcconfig */ = {isa = PBXFileReference; includeInIndex = 1; lastKnownFileType = text.xcconfig; name = "Pods-5806021631131.release.xcconfig"; path = "Target Support Files/Pods-5806021631131/Pods-5806021631131.release.xcconfig"; sourceTree = "<group>"; };
		6762081E1249EF157847DCBF /* Pods-5806021631131.debug.xcconfig */ = {isa = PBXFileReference; includeInIndex = 1; lastKnownFileType = text.xcconfig; name = "Pods-5806021631131.debug.xcconfig"; path = "Target Support Files/Pods-5806021631131/Pods-5806021631131.debug.xcconfig"; sourceTree = "<group>"; };
		847B708922703A1300426B92 /* 5806021631131.app */ = {isa = PBXFileReference; explicitFileType = wrapper.application; includeInIndex = 0; path = 5806021631131.app; sourceTree = BUILT_PRODUCTS_DIR; };
		847B708C22703A1300426B92 /* AppDelegate.swift */ = {isa = PBXFileReference; lastKnownFileType = sourcecode.swift; path = AppDelegate.swift; sourceTree = "<group>"; };
		847B708E22703A1300426B92 /* ViewController.swift */ = {isa = PBXFileReference; lastKnownFileType = sourcecode.swift; path = ViewController.swift; sourceTree = "<group>"; };
		847B709122703A1300426B92 /* Base */ = {isa = PBXFileReference; lastKnownFileType = file.storyboard; name = Base; path = Base.lproj/Main.storyboard; sourceTree = "<group>"; };
		847B709322703A1700426B92 /* Assets.xcassets */ = {isa = PBXFileReference; lastKnownFileType = folder.assetcatalog; path = Assets.xcassets; sourceTree = "<group>"; };
		847B709622703A1700426B92 /* Base */ = {isa = PBXFileReference; lastKnownFileType = file.storyboard; name = Base; path = Base.lproj/LaunchScreen.storyboard; sourceTree = "<group>"; };
		847B709822703A1700426B92 /* Info.plist */ = {isa = PBXFileReference; lastKnownFileType = text.plist.xml; path = Info.plist; sourceTree = "<group>"; };
/* End PBXFileReference section */

/* Begin PBXFrameworksBuildPhase section */
		847B708622703A1300426B92 /* Frameworks */ = {
			isa = PBXFrameworksBuildPhase;
			buildActionMask = 2147483647;
			files = (
				5AF83080DC5D3B41EDE09578 /* Pods_5806021631131.framework in Frameworks */,
			);
			runOnlyForDeploymentPostprocessing = 0;
		};
/* End PBXFrameworksBuildPhase section */

/* Begin PBXGroup section */
		0FBC11B0BDB7BECB02297F98 /* Frameworks */ = {
			isa = PBXGroup;
			children = (
				59BE53A430C858A527287E4B /* Pods_5806021631131.framework */,
			);
			name = Frameworks;
			sourceTree = "<group>";
		};
		7D009356AFF7BF0F642D610E /* Pods */ = {
			isa = PBXGroup;
			children = (
				6762081E1249EF157847DCBF /* Pods-5806021631131.debug.xcconfig */,
				5B755EA0C4640B180BD2A391 /* Pods-5806021631131.release.xcconfig */,
			);
			name = Pods;
			path = Pods;
			sourceTree = "<group>";
		};
		847B708022703A1300426B92 = {
			isa = PBXGroup;
			children = (
				847B708B22703A1300426B92 /* 5806021631131 */,
				847B708A22703A1300426B92 /* Products */,
				7D009356AFF7BF0F642D610E /* Pods */,
				0FBC11B0BDB7BECB02297F98 /* Frameworks */,
			);
			sourceTree = "<group>";
		};
		847B708A22703A1300426B92 /* Products */ = {
			isa = PBXGroup;
			children = (
				847B708922703A1300426B92 /* 5806021631131.app */,
			);
			name = Products;
			sourceTree = "<group>";
		};
		847B708B22703A1300426B92 /* 5806021631131 */ = {
			isa = PBXGroup;
			children = (
				847B708C22703A1300426B92 /* AppDelegate.swift */,
				847B708E22703A1300426B92 /* ViewController.swift */,
				847B709022703A1300426B92 /* Main.storyboard */,
				847B709322703A1700426B92 /* Assets.xcassets */,
				847B709522703A1700426B92 /* LaunchScreen.storyboard */,
				847B709822703A1700426B92 /* Info.plist */,
			);
			path = 5806021631131;
			sourceTree = "<group>";
		};
/* End PBXGroup section */

/* Begin PBXNativeTarget section */
		847B708822703A1300426B92 /* 5806021631131 */ = {
			isa = PBXNativeTarget;
			buildConfigurationList = 847B709B22703A1700426B92 /* Build configuration list for PBXNativeTarget "5806021631131" */;
			buildPhases = (
				73AE9F99CBBF975F4BC9AEF7 /* [CP] Check Pods Manifest.lock */,
				847B708522703A1300426B92 /* Sources */,
				847B708622703A1300426B92 /* Frameworks */,
				847B708722703A1300426B92 /* Resources */,
				E7B925F664C204B701809EA9 /* [CP] Embed Pods Frameworks */,
			);
			buildRules = (
			);
			dependencies = (
			);
			name = 5806021631131;
			productName = 5806021631131;
			productReference = 847B708922703A1300426B92 /* 5806021631131.app */;
			productType = "com.apple.product-type.application";
		};
/* End PBXNativeTarget section */

/* Begin PBXProject section */
		847B708122703A1300426B92 /* Project object */ = {
			isa = PBXProject;
			attributes = {
				LastSwiftUpdateCheck = 1020;
				LastUpgradeCheck = 1020;
				ORGANIZATIONNAME = AryMiku;
				TargetAttributes = {
					847B708822703A1300426B92 = {
						CreatedOnToolsVersion = 10.2;
					};
				};
			};
			buildConfigurationList = 847B708422703A1300426B92 /* Build configuration list for PBXProject "5806021631131" */;
			compatibilityVersion = "Xcode 9.3";
			developmentRegion = en;
			hasScannedForEncodings = 0;
			knownRegions = (
				en,
				Base,
			);
			mainGroup = 847B708022703A1300426B92;
			productRefGroup = 847B708A22703A1300426B92 /* Products */;
			projectDirPath = "";
			projectRoot = "";
			targets = (
				847B708822703A1300426B92 /* 5806021631131 */,
			);
		};
/* End PBXProject section */

/* Begin PBXResourcesBuildPhase section */
		847B708722703A1300426B92 /* Resources */ = {
			isa = PBXResourcesBuildPhase;
			buildActionMask = 2147483647;
			files = (
				847B709722703A1700426B92 /* LaunchScreen.storyboard in Resources */,
				847B709422703A1700426B92 /* Assets.xcassets in Resources */,
				847B709222703A1300426B92 /* Main.storyboard in Resources */,
			);
			runOnlyForDeploymentPostprocessing = 0;
		};
/* End PBXResourcesBuildPhase section */

/* Begin PBXShellScriptBuildPhase section */
		73AE9F99CBBF975F4BC9AEF7 /* [CP] Check Pods Manifest.lock */ = {
			isa = PBXShellScriptBuildPhase;
			buildActionMask = 2147483647;
			files = (
			);
			inputFileListPaths = (
			);
			inputPaths = (
				"${PODS_PODFILE_DIR_PATH}/Podfile.lock",
				"${PODS_ROOT}/Manifest.lock",
			);
			name = "[CP] Check Pods Manifest.lock";
			outputFileListPaths = (
			);
			outputPaths = (
				"$(DERIVED_FILE_DIR)/Pods-5806021631131-checkManifestLockResult.txt",
			);
			runOnlyForDeploymentPostprocessing = 0;
			shellPath = /bin/sh;
			shellScript = "diff \"${PODS_PODFILE_DIR_PATH}/Podfile.lock\" \"${PODS_ROOT}/Manifest.lock\" > /dev/null\nif [ $? != 0 ] ; then\n    # print error to STDERR\n    echo \"error: The sandbox is not in sync with the Podfile.lock. Run 'pod install' or update your CocoaPods installation.\" >&2\n    exit 1\nfi\n# This output is used by Xcode 'outputs' to avoid re-running this script phase.\necho \"SUCCESS\" > \"${SCRIPT_OUTPUT_FILE_0}\"\n";
			showEnvVarsInLog = 0;
		};
		E7B925F664C204B701809EA9 /* [CP] Embed Pods Frameworks */ = {
			isa = PBXShellScriptBuildPhase;
			buildActionMask = 2147483647;
			files = (
			);
			inputFileListPaths = (
			);
			inputPaths = (
				"${PODS_ROOT}/Target Support Files/Pods-5806021631131/Pods-5806021631131-frameworks.sh",
				"${BUILT_PRODUCTS_DIR}/Charts/Charts.framework",
			);
			name = "[CP] Embed Pods Frameworks";
			outputFileListPaths = (
			);
			outputPaths = (
				"${TARGET_BUILD_DIR}/${FRAMEWORKS_FOLDER_PATH}/Charts.framework",
			);
			runOnlyForDeploymentPostprocessing = 0;
			shellPath = /bin/sh;
			shellScript = "\"${PODS_ROOT}/Target Support Files/Pods-5806021631131/Pods-5806021631131-frameworks.sh\"\n";
			showEnvVarsInLog = 0;
		};
/* End PBXShellScriptBuildPhase section */

/* Begin PBXSourcesBuildPhase section */
		847B708522703A1300426B92 /* Sources */ = {
			isa = PBXSourcesBuildPhase;
			buildActionMask = 2147483647;
			files = (
				847B708F22703A1300426B92 /* ViewController.swift in Sources */,
				847B708D22703A1300426B92 /* AppDelegate.swift in Sources */,
			);
			runOnlyForDeploymentPostprocessing = 0;
		};
/* End PBXSourcesBuildPhase section */

/* Begin PBXVariantGroup section */
		847B709022703A1300426B92 /* Main.storyboard */ = {
			isa = PBXVariantGroup;
			children = (
				847B709122703A1300426B92 /* Base */,
			);
			name = Main.storyboard;
			sourceTree = "<group>";
		};
		847B709522703A1700426B92 /* LaunchScreen.storyboard */ = {
			isa = PBXVariantGroup;
			children = (
				847B709622703A1700426B92 /* Base */,
			);
			name = LaunchScreen.storyboard;
			sourceTree = "<group>";
		};
/* End PBXVariantGroup section */

/* Begin XCBuildConfiguration section */
		847B709922703A1700426B92 /* Debug */ = {
			isa = XCBuildConfiguration;
			buildSettings = {
				ALWAYS_SEARCH_USER_PATHS = NO;
				CLANG_ANALYZER_NONNULL = YES;
				CLANG_ANALYZER_NUMBER_OBJECT_CONVERSION = YES_AGGRESSIVE;
				CLANG_CXX_LANGUAGE_STANDARD = "gnu++14";
				CLANG_CXX_LIBRARY = "libc++";
				CLANG_ENABLE_MODULES = YES;
				CLANG_ENABLE_OBJC_ARC = YES;
				CLANG_ENABLE_OBJC_WEAK = YES;
				CLANG_WARN_BLOCK_CAPTURE_AUTORELEASING = YES;
				CLANG_WARN_BOOL_CONVERSION = YES;
				CLANG_WARN_COMMA = YES;
				CLANG_WARN_CONSTANT_CONVERSION = YES;
				CLANG_WARN_DEPRECATED_OBJC_IMPLEMENTATIONS = YES;
				CLANG_WARN_DIRECT_OBJC_ISA_USAGE = YES_ERROR;
				CLANG_WARN_DOCUMENTATION_COMMENTS = YES;
				CLANG_WARN_EMPTY_BODY = YES;
				CLANG_WARN_ENUM_CONVERSION = YES;
				CLANG_WARN_INFINITE_RECURSION = YES;
				CLANG_WARN_INT_CONVERSION = YES;
				CLANG_WARN_NON_LITERAL_NULL_CONVERSION = YES;
				CLANG_WARN_OBJC_IMPLICIT_RETAIN_SELF = YES;
				CLANG_WARN_OBJC_LITERAL_CONVERSION = YES;
				CLANG_WARN_OBJC_ROOT_CLASS = YES_ERROR;
				CLANG_WARN_RANGE_LOOP_ANALYSIS = YES;
				CLANG_WARN_STRICT_PROTOTYPES = YES;
				CLANG_WARN_SUSPICIOUS_MOVE = YES;
				CLANG_WARN_UNGUARDED_AVAILABILITY = YES_AGGRESSIVE;
				CLANG_WARN_UNREACHABLE_CODE = YES;
				CLANG_WARN__DUPLICATE_METHOD_MATCH = YES;
				CODE_SIGN_IDENTITY = "iPhone Developer";
				COPY_PHASE_STRIP = NO;
				DEBUG_INFORMATION_FORMAT = dwarf;
				ENABLE_STRICT_OBJC_MSGSEND = YES;
				ENABLE_TESTABILITY = YES;
				GCC_C_LANGUAGE_STANDARD = gnu11;
				GCC_DYNAMIC_NO_PIC = NO;
				GCC_NO_COMMON_BLOCKS = YES;
				GCC_OPTIMIZATION_LEVEL = 0;
				GCC_PREPROCESSOR_DEFINITIONS = (
					"DEBUG=1",
					"$(inherited)",
				);
				GCC_WARN_64_TO_32_BIT_CONVERSION = YES;
				GCC_WARN_ABOUT_RETURN_TYPE = YES_ERROR;
				GCC_WARN_UNDECLARED_SELECTOR = YES;
				GCC_WARN_UNINITIALIZED_AUTOS = YES_AGGRESSIVE;
				GCC_WARN_UNUSED_FUNCTION = YES;
				GCC_WARN_UNUSED_VARIABLE = YES;
				IPHONEOS_DEPLOYMENT_TARGET = 12.2;
				MTL_ENABLE_DEBUG_INFO = INCLUDE_SOURCE;
				MTL_FAST_MATH = YES;
				ONLY_ACTIVE_ARCH = YES;
				SDKROOT = iphoneos;
				SWIFT_ACTIVE_COMPILATION_CONDITIONS = DEBUG;
				SWIFT_OPTIMIZATION_LEVEL = "-Onone";
			};
			name = Debug;
		};
		847B709A22703A1700426B92 /* Release */ = {
			isa = XCBuildConfiguration;
			buildSettings = {
				ALWAYS_SEARCH_USER_PATHS = NO;
				CLANG_ANALYZER_NONNULL = YES;
				CLANG_ANALYZER_NUMBER_OBJECT_CONVERSION = YES_AGGRESSIVE;
				CLANG_CXX_LANGUAGE_STANDARD = "gnu++14";
				CLANG_CXX_LIBRARY = "libc++";
				CLANG_ENABLE_MODULES = YES;
				CLANG_ENABLE_OBJC_ARC = YES;
				CLANG_ENABLE_OBJC_WEAK = YES;
				CLANG_WARN_BLOCK_CAPTURE_AUTORELEASING = YES;
				CLANG_WARN_BOOL_CONVERSION = YES;
				CLANG_WARN_COMMA = YES;
				CLANG_WARN_CONSTANT_CONVERSION = YES;
				CLANG_WARN_DEPRECATED_OBJC_IMPLEMENTATIONS = YES;
				CLANG_WARN_DIRECT_OBJC_ISA_USAGE = YES_ERROR;
				CLANG_WARN_DOCUMENTATION_COMMENTS = YES;
				CLANG_WARN_EMPTY_BODY = YES;
				CLANG_WARN_ENUM_CONVERSION = YES;
				CLANG_WARN_INFINITE_RECURSION = YES;
				CLANG_WARN_INT_CONVERSION = YES;
				CLANG_WARN_NON_LITERAL_NULL_CONVERSION = YES;
				CLANG_WARN_OBJC_IMPLICIT_RETAIN_SELF = YES;
				CLANG_WARN_OBJC_LITERAL_CONVERSION = YES;
				CLANG_WARN_OBJC_ROOT_CLASS = YES_ERROR;
				CLANG_WARN_RANGE_LOOP_ANALYSIS = YES;
				CLANG_WARN_STRICT_PROTOTYPES = YES;
				CLANG_WARN_SUSPICIOUS_MOVE = YES;
				CLANG_WARN_UNGUARDED_AVAILABILITY = YES_AGGRESSIVE;
				CLANG_WARN_UNREACHABLE_CODE = YES;
				CLANG_WARN__DUPLICATE_METHOD_MATCH = YES;
				CODE_SIGN_IDENTITY = "iPhone Developer";
				COPY_PHASE_STRIP = NO;
				DEBUG_INFORMATION_FORMAT = "dwarf-with-dsym";
				ENABLE_NS_ASSERTIONS = NO;
				ENABLE_STRICT_OBJC_MSGSEND = YES;
				GCC_C_LANGUAGE_STANDARD = gnu11;
				GCC_NO_COMMON_BLOCKS = YES;
				GCC_WARN_64_TO_32_BIT_CONVERSION = YES;
				GCC_WARN_ABOUT_RETURN_TYPE = YES_ERROR;
				GCC_WARN_UNDECLARED_SELECTOR = YES;
				GCC_WARN_UNINITIALIZED_AUTOS = YES_AGGRESSIVE;
				GCC_WARN_UNUSED_FUNCTION = YES;
				GCC_WARN_UNUSED_VARIABLE = YES;
				IPHONEOS_DEPLOYMENT_TARGET = 12.2;
				MTL_ENABLE_DEBUG_INFO = NO;
				MTL_FAST_MATH = YES;
				SDKROOT = iphoneos;
				SWIFT_COMPILATION_MODE = wholemodule;
				SWIFT_OPTIMIZATION_LEVEL = "-O";
				VALIDATE_PRODUCT = YES;
			};
			name = Release;
		};
		847B709C22703A1700426B92 /* Debug */ = {
			isa = XCBuildConfiguration;
			baseConfigurationReference = 6762081E1249EF157847DCBF /* Pods-5806021631131.debug.xcconfig */;
			buildSettings = {
				ASSETCATALOG_COMPILER_APPICON_NAME = AppIcon;
				CODE_SIGN_STYLE = Automatic;
				INFOPLIST_FILE = 5806021631131/Info.plist;
				LD_RUNPATH_SEARCH_PATHS = (
					"$(inherited)",
					"@executable_path/Frameworks",
				);
				PRODUCT_BUNDLE_IDENTIFIER = "AryMiku.-806021631131";
				PRODUCT_NAME = "$(TARGET_NAME)";
				SWIFT_VERSION = 5.0;
				TARGETED_DEVICE_FAMILY = "1,2";
			};
			name = Debug;
		};
		847B709D22703A1700426B92 /* Release */ = {
			isa = XCBuildConfiguration;
			baseConfigurationReference = 5B755EA0C4640B180BD2A391 /* Pods-5806021631131.release.xcconfig */;
			buildSettings = {
				ASSETCATALOG_COMPILER_APPICON_NAME = AppIcon;
				CODE_SIGN_STYLE = Automatic;
				INFOPLIST_FILE = 5806021631131/Info.plist;
				LD_RUNPATH_SEARCH_PATHS = (
					"$(inherited)",
					"@executable_path/Frameworks",
				);
				PRODUCT_BUNDLE_IDENTIFIER = "AryMiku.-806021631131";
				PRODUCT_NAME = "$(TARGET_NAME)";
				SWIFT_VERSION = 5.0;
				TARGETED_DEVICE_FAMILY = "1,2";
			};
			name = Release;
		};
/* End XCBuildConfiguration section */

/* Begin XCConfigurationList section */
		847B708422703A1300426B92 /* Build configuration list for PBXProject "5806021631131" */ = {
			isa = XCConfigurationList;
			buildConfigurations = (
				847B709922703A1700426B92 /* Debug */,
				847B709A22703A1700426B92 /* Release */,
			);
			defaultConfigurationIsVisible = 0;
			defaultConfigurationName = Release;
		};
		847B709B22703A1700426B92 /* Build configuration list for PBXNativeTarget "5806021631131" */ = {
			isa = XCConfigurationList;
			buildConfigurations = (
				847B709C22703A1700426B92 /* Debug */,
				847B709D22703A1700426B92 /* Release */,
			);
			defaultConfigurationIsVisible = 0;
			defaultConfigurationName = Release;
		};
/* End XCConfigurationList section */
	};
	rootObject = 847B708122703A1300426B92 /* Project object */;
}
